<?xml version="1.0" encoding="utf-8"?>
<Project ToolsVersion="4.0" xmlns="http://schemas.microsoft.com/developer/msbuild/2003">
  <ItemGroup>
    <Filter Include="源文件">
      <UniqueIdentifier>{4FC737F1-C7A5-4376-A066-2A32D752A2FF}</UniqueIdentifier>
      <Extensions>cpp;c;cc;cxx;c++;cppm;ixx;def;odl;idl;hpj;bat;asm;asmx</Extensions>
    </Filter>
    <Filter Include="头文件">
      <UniqueIdentifier>{93995380-89BD-4b04-88EB-625FBE52EBFB}</UniqueIdentifier>
      <Extensions>h;hh;hpp;hxx;h++;hm;inl;inc;ipp;xsd</Extensions>
    </Filter>
    <Filter Include="资源文件">
      <UniqueIdentifier>{67DA6AB6-F800-4c08-8B7A-83BB121AAD01}</UniqueIdentifier>
      <Extensions>rc;ico;cur;bmp;dlg;rc2;rct;bin;rgs;gif;jpg;jpeg;jpe;resx;tiff;tif;png;wav;mfcribbon-ms</Extensions>
    </Filter>
    <Filter Include="源文件\1">
      <UniqueIdentifier>{82855809-921c-424a-bcbc-97685e175bb5}</UniqueIdentifier>
    </Filter>
    <Filter Include="源文件\2">
      <UniqueIdentifier>{03d95c37-ff7e-42f3-95ed-94fec987e60f}</UniqueIdentifier>
    </Filter>
  </ItemGroup>
  <ItemGroup>
    <ClCompile Include="判断.cpp">
      <Filter>源文件</Filter>
    </ClCompile>
    <ClCompile Include="猜数字.cpp">
      <Filter>源文件</Filter>
    </ClCompile>
    <ClCompile Include="水仙花数.cpp">
      <Filter>源文件</Filter>
    </ClCompile>
    <ClCompile Include="敲桌子.cpp">
      <Filter>源文件</Filter>
    </ClCompile>
    <ClCompile Include="school.cpp">
      <Filter>源文件</Filter>
    </ClCompile>
    <ClCompile Include="swap.cpp">
      <Filter>源文件</Filter>
    </ClCompile>
    <ClCompile Include="英雄.cpp">
      <Filter>源文件</Filter>
    </ClCompile>
    <ClCompile Include="众数重数.cpp">
      <Filter>源文件</Filter>
    </ClCompile>
    <ClCompile Include="整数因子分解.cpp">
      <Filter>源文件</Filter>
    </ClCompile>
    <ClCompile Include="逆序对.cpp">
      <Filter>源文件</Filter>
    </ClCompile>
    <ClCompile Include="全排列.cpp">
      <Filter>源文件</Filter>
    </ClCompile>
    <ClCompile Include="大整数乘法.cpp">
      <Filter>源文件</Filter>
    </ClCompile>
    <ClCompile Include="正整数分解最大乘积.cpp">
      <Filter>源文件</Filter>
    </ClCompile>
    <ClCompile Include="线段覆盖.cpp">
      <Filter>源文件</Filter>
    </ClCompile>
    <ClCompile Include="递增子序列.cpp">
      <Filter>源文件</Filter>
    </ClCompile>
    <ClCompile Include="0-1背包%28动态规划）.cpp">
      <Filter>源文件</Filter>
    </ClCompile>
    <ClCompile Include="最大字段(枚举法）.cpp">
      <Filter>源文件</Filter>
    </ClCompile>
    <ClCompile Include="最大子段(分治法）.cpp">
      <Filter>源文件</Filter>
    </ClCompile>
    <ClCompile Include="最大子段(动态规划).cpp">
      <Filter>源文件</Filter>
    </ClCompile>
    <ClCompile Include="0-1背包（回溯）.cpp">
      <Filter>源文件</Filter>
    </ClCompile>
    <ClCompile Include="旅行售货员.cpp">
      <Filter>源文件</Filter>
    </ClCompile>
    <ClCompile Include="批处理作业调度.cpp">
      <Filter>源文件</Filter>
    </ClCompile>
    <ClCompile Include="单源最短路径.cpp">
      <Filter>源文件</Filter>
    </ClCompile>
    <ClCompile Include="旅行售货员（分支限界）.cpp">
      <Filter>源文件</Filter>
    </ClCompile>
    <ClCompile Include="0-1背包（蛮力法）.cpp">
      <Filter>源文件</Filter>
    </ClCompile>
    <ClCompile Include="0-1背包（分支限界法）.cpp">
      <Filter>源文件</Filter>
    </ClCompile>
    <ClCompile Include="0-1背包（递归与分治）.cpp">
      <Filter>源文件</Filter>
    </ClCompile>
    <ClCompile Include="99乘法表.cpp">
      <Filter>源文件</Filter>
    </ClCompile>
    <ClCompile Include="1.c">
      <Filter>源文件\1</Filter>
    </ClCompile>
    <ClCompile Include="平均数为k的最长连续子数组.cpp">
      <Filter>源文件\1</Filter>
    </ClCompile>
    <ClCompile Include="22.cpp">
      <Filter>源文件\2</Filter>
    </ClCompile>
    <ClCompile Include="三数之和.cpp">
      <Filter>源文件\1</Filter>
    </ClCompile>
    <ClCompile Include="括号生成.cpp">
      <Filter>源文件\1</Filter>
    </ClCompile>
    <ClCompile Include="最长递增子序列.cpp">
      <Filter>源文件\1</Filter>
    </ClCompile>
    <ClCompile Include="验证二叉搜索树.cpp">
      <Filter>源文件\1</Filter>
    </ClCompile>
    <ClCompile Include="demo.cpp">
      <Filter>源文件\1</Filter>
    </ClCompile>
    <ClCompile Include="p.cpp">
      <Filter>源文件\1</Filter>
    </ClCompile>
  </ItemGroup>
  <ItemGroup>
    <ClInclude Include="swap.h">
      <Filter>头文件</Filter>
    </ClInclude>
    <ClInclude Include="resource.h">
      <Filter>头文件</Filter>
    </ClInclude>
  </ItemGroup>
  <ItemGroup>
    <ResourceCompile Include="基础.rc">
      <Filter>资源文件</Filter>
    </ResourceCompile>
  </ItemGroup>
</Project>